
Microsoft Visual Studio Solution File, Format Version 12.00
# Visual Studio Version 16
VisualStudioVersion = 16.0.29613.14
MinimumVisualStudioVersion = 10.0.40219.1
Project("{FAE04EC0-301F-11D3-BF4B-00C04F79EFBC}") = "Logger", "Logger\Logger.csproj", "{CA25C22B-9154-46AB-A324-9D69125B7880}"
EndProject
Global
	GlobalSection(SolutionConfigurationPlatforms) = preSolution
		Debug|Any CPU = Debug|Any CPU
		Release|Any CPU = Release|Any CPU
	EndGlobalSection
	GlobalSection(ProjectConfigurationPlatforms) = postSolution
		{CA25C22B-9154-46AB-A324-9D69125B7880}.Debug|Any CPU.ActiveCfg = Debug|Any CPU
		{CA25C22B-9154-46AB-A324-9D69125B7880}.Debug|Any CPU.Build.0 = Debug|Any CPU
		{CA25C22B-9154-46AB-A324-9D69125B7880}.Release|Any CPU.ActiveCfg = Release|Any CPU
		{CA25C22B-9154-46AB-A324-9D69125B7880}.Release|Any CPU.Build.0 = Release|Any CPU
	EndGlobalSection
	GlobalSection(SolutionProperties) = preSolution
		HideSolutionNode = FALSE
	EndGlobalSection
	GlobalSection(ExtensibilityGlobals) = postSolution
		SolutionGuid = {65C78DB1-AE0C-42CE-806E-8FCE2B9D9DB5}
	EndGlobalSection
EndGlobal
